
Microsoft Visual Studio Solution File, Format Version 12.00
# Visual Studio Version 17
VisualStudioVersion = 17.4.33122.133
MinimumVisualStudioVersion = 10.0.40219.1
Project("{9A19103F-16F7-4668-BE54-9A1E7A4F7556}") = "WebAPi", "WebAPi\WebAPi.csproj", "{912FC797-C131-47DA-A8D8-63ABF419F39D}"
EndProject
Project("{9A19103F-16F7-4668-BE54-9A1E7A4F7556}") = "Logic", "Logic\Logic.csproj", "{576C5EE3-1FA2-4C6D-A65B-8F7B158E42B0}"
EndProject
Project("{9A19103F-16F7-4668-BE54-9A1E7A4F7556}") = "Data", "Data\Data.csproj", "{F339A1B1-1A60-4CB6-85EF-766B3B741E4B}"
EndProject
Project("{2150E333-8FDC-42A3-9474-1A3956D46DE8}") = "src", "src", "{03421A14-D010-4048-B71C-949E3F5C2AB3}"
EndProject
Project("{2150E333-8FDC-42A3-9474-1A3956D46DE8}") = "Tests", "Tests", "{0C317AEB-1E32-4696-BF6B-59EADD84AFEE}"
EndProject
Project("{9A19103F-16F7-4668-BE54-9A1E7A4F7556}") = "TestProject", "TestProject\TestProject.csproj", "{3FE7BD20-F1F3-4D7A-B9A5-4188857DD23F}"
EndProject
Global
	GlobalSection(SolutionConfigurationPlatforms) = preSolution
		Debug|Any CPU = Debug|Any CPU
		Release|Any CPU = Release|Any CPU
	EndGlobalSection
	GlobalSection(ProjectConfigurationPlatforms) = postSolution
		{912FC797-C131-47DA-A8D8-63ABF419F39D}.Debug|Any CPU.ActiveCfg = Debug|Any CPU
		{912FC797-C131-47DA-A8D8-63ABF419F39D}.Debug|Any CPU.Build.0 = Debug|Any CPU
		{912FC797-C131-47DA-A8D8-63ABF419F39D}.Release|Any CPU.ActiveCfg = Release|Any CPU
		{912FC797-C131-47DA-A8D8-63ABF419F39D}.Release|Any CPU.Build.0 = Release|Any CPU
		{576C5EE3-1FA2-4C6D-A65B-8F7B158E42B0}.Debug|Any CPU.ActiveCfg = Debug|Any CPU
		{576C5EE3-1FA2-4C6D-A65B-8F7B158E42B0}.Debug|Any CPU.Build.0 = Debug|Any CPU
		{576C5EE3-1FA2-4C6D-A65B-8F7B158E42B0}.Release|Any CPU.ActiveCfg = Release|Any CPU
		{576C5EE3-1FA2-4C6D-A65B-8F7B158E42B0}.Release|Any CPU.Build.0 = Release|Any CPU
		{F339A1B1-1A60-4CB6-85EF-766B3B741E4B}.Debug|Any CPU.ActiveCfg = Debug|Any CPU
		{F339A1B1-1A60-4CB6-85EF-766B3B741E4B}.Debug|Any CPU.Build.0 = Debug|Any CPU
		{F339A1B1-1A60-4CB6-85EF-766B3B741E4B}.Release|Any CPU.ActiveCfg = Release|Any CPU
		{F339A1B1-1A60-4CB6-85EF-766B3B741E4B}.Release|Any CPU.Build.0 = Release|Any CPU
		{3FE7BD20-F1F3-4D7A-B9A5-4188857DD23F}.Debug|Any CPU.ActiveCfg = Debug|Any CPU
		{3FE7BD20-F1F3-4D7A-B9A5-4188857DD23F}.Debug|Any CPU.Build.0 = Debug|Any CPU
		{3FE7BD20-F1F3-4D7A-B9A5-4188857DD23F}.Release|Any CPU.ActiveCfg = Release|Any CPU
		{3FE7BD20-F1F3-4D7A-B9A5-4188857DD23F}.Release|Any CPU.Build.0 = Release|Any CPU
	EndGlobalSection
	GlobalSection(SolutionProperties) = preSolution
		HideSolutionNode = FALSE
	EndGlobalSection
	GlobalSection(NestedProjects) = preSolution
		{912FC797-C131-47DA-A8D8-63ABF419F39D} = {03421A14-D010-4048-B71C-949E3F5C2AB3}
		{576C5EE3-1FA2-4C6D-A65B-8F7B158E42B0} = {03421A14-D010-4048-B71C-949E3F5C2AB3}
		{F339A1B1-1A60-4CB6-85EF-766B3B741E4B} = {03421A14-D010-4048-B71C-949E3F5C2AB3}
		{3FE7BD20-F1F3-4D7A-B9A5-4188857DD23F} = {0C317AEB-1E32-4696-BF6B-59EADD84AFEE}
	EndGlobalSection
	GlobalSection(ExtensibilityGlobals) = postSolution
		SolutionGuid = {543536FD-6858-4416-8452-6B1633054CBC}
	EndGlobalSection
EndGlobal
